version = 1
requires-python = ">=3.13"

[[package]]
name = "aiomysql"
version = "0.2.0"
source = { registry = "https://pypi.org/simple" }
dependencies = [
    { name = "pymysql" },
]
sdist = { url = "https://files.pythonhosted.org/packages/67/76/2c5b55e4406a1957ffdfd933a94c2517455291c97d2b81cec6813754791a/aiomysql-0.2.0.tar.gz", hash = "sha256:558b9c26d580d08b8c5fd1be23c5231ce3aeff2dadad989540fee740253deb67", size = 114706 }
wheels = [
    { url = "https://files.pythonhosted.org/packages/42/87/c982ee8b333c85b8ae16306387d703a1fcdfc81a2f3f15a24820ab1a512d/aiomysql-0.2.0-py3-none-any.whl", hash = "sha256:b7c26da0daf23a5ec5e0b133c03d20657276e4eae9b73e040b72787f6f6ade0a", size = 44215 },
]

[[package]]
name = "aiosqlite"
version = "0.21.0"
source = { registry = "https://pypi.org/simple" }
dependencies = [
    { name = "typing-extensions" },
]
sdist = { url = "https://files.pythonhosted.org/packages/13/7d/8bca2bf9a247c2c5dfeec1d7a5f40db6518f88d314b8bca9da29670d2671/aiosqlite-0.21.0.tar.gz", hash = "sha256:131bb8056daa3bc875608c631c678cda73922a2d4ba8aec373b19f18c17e7aa3", size = 13454 }
wheels = [
    { url = "https://files.pythonhosted.org/packages/f5/10/6c25ed6de94c49f88a91fa5018cb4c0f3625f31d5be9f771ebe5cc7cd506/aiosqlite-0.21.0-py3-none-any.whl", hash = "sha256:2549cf4057f95f53dcba16f2b64e8e2791d7e1adedb13197dd8ed77bb226d7d0", size = 15792 },
]

[[package]]
name = "asyncpg"
version = "0.30.0"
source = { registry = "https://pypi.org/simple" }
sdist = { url = "https://files.pythonhosted.org/packages/2f/4c/7c991e080e106d854809030d8584e15b2e996e26f16aee6d757e387bc17d/asyncpg-0.30.0.tar.gz", hash = "sha256:c551e9928ab6707602f44811817f82ba3c446e018bfe1d3abecc8ba5f3eac851", size = 957746 }
wheels = [
    { url = "https://files.pythonhosted.org/packages/3a/22/e20602e1218dc07692acf70d5b902be820168d6282e69ef0d3cb920dc36f/asyncpg-0.30.0-cp313-cp313-macosx_10_13_x86_64.whl", hash = "sha256:05b185ebb8083c8568ea8a40e896d5f7af4b8554b64d7719c0eaa1eb5a5c3a70", size = 670373 },
    { url = "https://files.pythonhosted.org/packages/3d/b3/0cf269a9d647852a95c06eb00b815d0b95a4eb4b55aa2d6ba680971733b9/asyncpg-0.30.0-cp313-cp313-macosx_11_0_arm64.whl", hash = "sha256:c47806b1a8cbb0a0db896f4cd34d89942effe353a5035c62734ab13b9f938da3", size = 634745 },
    { url = "https://files.pythonhosted.org/packages/8e/6d/a4f31bf358ce8491d2a31bfe0d7bcf25269e80481e49de4d8616c4295a34/asyncpg-0.30.0-cp313-cp313-manylinux_2_17_aarch64.manylinux2014_aarch64.whl", hash = "sha256:9b6fde867a74e8c76c71e2f64f80c64c0f3163e687f1763cfaf21633ec24ec33", size = 3512103 },
    { url = "https://files.pythonhosted.org/packages/96/19/139227a6e67f407b9c386cb594d9628c6c78c9024f26df87c912fabd4368/asyncpg-0.30.0-cp313-cp313-manylinux_2_17_x86_64.manylinux2014_x86_64.whl", hash = "sha256:46973045b567972128a27d40001124fbc821c87a6cade040cfcd4fa8a30bcdc4", size = 3592471 },
    { url = "https://files.pythonhosted.org/packages/67/e4/ab3ca38f628f53f0fd28d3ff20edff1c975dd1cb22482e0061916b4b9a74/asyncpg-0.30.0-cp313-cp313-musllinux_1_2_aarch64.whl", hash = "sha256:9110df111cabc2ed81aad2f35394a00cadf4f2e0635603db6ebbd0fc896f46a4", size = 3496253 },
    { url = "https://files.pythonhosted.org/packages/ef/5f/0bf65511d4eeac3a1f41c54034a492515a707c6edbc642174ae79034d3ba/asyncpg-0.30.0-cp313-cp313-musllinux_1_2_x86_64.whl", hash = "sha256:04ff0785ae7eed6cc138e73fc67b8e51d54ee7a3ce9b63666ce55a0bf095f7ba", size = 3662720 },
    { url = "https://files.pythonhosted.org/packages/e7/31/1513d5a6412b98052c3ed9158d783b1e09d0910f51fbe0e05f56cc370bc4/asyncpg-0.30.0-cp313-cp313-win32.whl", hash = "sha256:ae374585f51c2b444510cdf3595b97ece4f233fde739aa14b50e0d64e8a7a590", size = 560404 },
    { url = "https://files.pythonhosted.org/packages/c8/a4/cec76b3389c4c5ff66301cd100fe88c318563ec8a520e0b2e792b5b84972/asyncpg-0.30.0-cp313-cp313-win_amd64.whl", hash = "sha256:f59b430b8e27557c3fb9869222559f7417ced18688375825f8f12302c34e915e", size = 621623 },
]

[[package]]
name = "pymysql"
version = "1.1.1"
source = { registry = "https://pypi.org/simple" }
sdist = { url = "https://files.pythonhosted.org/packages/b3/8f/ce59b5e5ed4ce8512f879ff1fa5ab699d211ae2495f1adaa5fbba2a1eada/pymysql-1.1.1.tar.gz", hash = "sha256:e127611aaf2b417403c60bf4dc570124aeb4a57f5f37b8e95ae399a42f904cd0", size = 47678 }
wheels = [
    { url = "https://files.pythonhosted.org/packages/0c/94/e4181a1f6286f545507528c78016e00065ea913276888db2262507693ce5/PyMySQL-1.1.1-py3-none-any.whl", hash = "sha256:4de15da4c61dc132f4fb9ab763063e693d521a80fd0e87943b9a453dd4c19d6c", size = 44972 },
]

[[package]]
name = "sweet"
version = "0.1.0"
source = { virtual = "." }
dependencies = [
    { name = "aiomysql" },
    { name = "aiosqlite" },
    { name = "asyncpg" },
    { name = "pymysql" },
]

[package.metadata]
requires-dist = [
    { name = "aiomysql", specifier = ">=0.2.0" },
    { name = "aiosqlite", specifier = ">=0.21.0" },
    { name = "asyncpg", specifier = ">=0.30.0" },
    { name = "pymysql", specifier = ">=1.1.1" },
]

[[package]]
name = "typing-extensions"
version = "4.12.2"
source = { registry = "https://pypi.org/simple" }
sdist = { url = "https://files.pythonhosted.org/packages/df/db/f35a00659bc03fec321ba8bce9420de607a1d37f8342eee1863174c69557/typing_extensions-4.12.2.tar.gz", hash = "sha256:1a7ead55c7e559dd4dee8856e3a88b41225abfe1ce8df57b7c13915fe121ffb8", size = 85321 }
wheels = [
    { url = "https://files.pythonhosted.org/packages/26/9f/ad63fc0248c5379346306f8668cda6e2e2e9c95e01216d2b8ffd9ff037d0/typing_extensions-4.12.2-py3-none-any.whl", hash = "sha256:04e5ca0351e0f3f85c6853954072df659d0d13fac324d0072316b67d7794700d", size = 37438 },
]
